{
  "name": "agent-runtime-kit-docker-cli-pins",
  "version": "0.0.0",
  "lockfileVersion": 3,
  "requires": true,
  "packages": {
    "": {
      "name": "agent-runtime-kit-docker-cli-pins",
      "version": "0.0.0",
      "dependencies": {
        "@anthropic-ai/claude-code": "2.1.261",
        "@openai/codex": "0.150.1"
      }
    },
    "node_modules/@anthropic-ai/claude-code": {
      "version": "2.1.261",
      "resolved": "https://registry.npmjs.org/@anthropic-ai/claude-code/-/claude-code-2.1.261.tgz",
      "integrity": "sha512-j6+AkfCl6/UJBcx66nlZUmWc4XGK3TscvW19Tiat+oDwkz3WqQfKzjvHO5FhR+shXTtktqs6vqSBrJmeSWpU3Q==",
      "hasInstallScript": true,
      "license": "SEE LICENSE IN README.md",
      "bin": {
        "claude": "bin/claude.exe"
      },
      "engines": {
        "node": ">=22.0.0"
      },
      "optionalDependencies": {
        "@anthropic-ai/claude-code-darwin-arm64": "2.1.261",
        "@anthropic-ai/claude-code-darwin-x64": "2.1.261",
        "@anthropic-ai/claude-code-linux-arm64": "2.1.261",
        "@anthropic-ai/claude-code-linux-arm64-musl": "2.1.261",
        "@anthropic-ai/claude-code-linux-x64": "2.1.261",
        "@anthropic-ai/claude-code-linux-x64-musl": "2.1.261",
        "@anthropic-ai/claude-code-win32-arm64": "2.1.261",
        "@anthropic-ai/claude-code-win32-x64": "2.1.261"
      }
    },
    "node_modules/@anthropic-ai/claude-code-darwin-arm64": {
      "version": "2.1.261",
      "resolved": "https://registry.npmjs.org/@anthropic-ai/claude-code-darwin-arm64/-/claude-code-darwin-arm64-2.1.261.tgz",
      "integrity": "sha512-HW2cIc5MWj9BOzLxm+3zNTfidepTMAFirwYO8H2ywTamOZvmwb8LzvRlRDLgUzEpUJBIkv9bEvI/RxfMk3zKOg==",
      "cpu": [
        "arm64"
      ],
      "license": "SEE LICENSE IN LICENSE.md",
      "optional": true,
      "os": [
        "darwin"
      ]
    },
    "node_modules/@anthropic-ai/claude-code-darwin-x64": {
      "version": "2.1.261",
      "resolved": "https://registry.npmjs.org/@anthropic-ai/claude-code-darwin-x64/-/claude-code-darwin-x64-2.1.261.tgz",
      "integrity": "sha512-gg/I/q0RBE+3mJW4tEJW+h+egnhwWkyD5WQwnsHe2IomssbpGdf3UwqCVkMitQ7d22ws49O8QWon/v5Sx5gYow==",
      "cpu": [
        "x64"
      ],
      "license": "SEE LICENSE IN LICENSE.md",
      "optional": true,
      "os": [
        "darwin"
      ]
    },
    "node_modules/@anthropic-ai/claude-code-linux-arm64": {
      "version": "2.1.261",
      "resolved": "https://registry.npmjs.org/@anthropic-ai/claude-code-linux-arm64/-/claude-code-linux-arm64-2.1.261.tgz",
      "integrity": "sha512-CfQNubIdasazT4vAduqx6wqWWUnUvwoVALXmPlZJ1LZFpv6iaZmdsTVB/dPniczEWDJ6kZZLsoEyDwhqbrKkwg==",
      "cpu": [
        "arm64"
      ],
      "libc": [
        "glibc"
      ],
      "license": "SEE LICENSE IN LICENSE.md",
      "optional": true,
      "os": [
        "linux"
      ]
    },
    "node_modules/@anthropic-ai/claude-code-linux-arm64-musl": {
      "version": "2.1.261",
      "resolved": "https://registry.npmjs.org/@anthropic-ai/claude-code-linux-arm64-musl/-/claude-code-linux-arm64-musl-2.1.261.tgz",
      "integrity": "sha512-Bbyp9McR0UITqu9utUq2Mk1VL2ZoDkmEzZjzTzOuEjlDAdOSUECOpeXj4Pp0MoEi46wWfHwG9GEcV9FX+aIzWQ==",
      "cpu": [
        "arm64"
      ],
      "libc": [
        "musl"
      ],
      "license": "SEE LICENSE IN LICENSE.md",
      "optional": true,
      "os": [
        "linux"
      ]
    },
    "node_modules/@anthropic-ai/claude-code-linux-x64": {
      "version": "2.1.261",
      "resolved": "https://registry.npmjs.org/@anthropic-ai/claude-code-linux-x64/-/claude-code-linux-x64-2.1.261.tgz",
      "integrity": "sha512-t7yPrjZH7/xOPR0HYg8NDBr9dGqIi2y3dCDLKmx2zHedSHjAGxoX7HnHeXr1tdk3iw2a6sM/LsV9O7/+Ar86FA==",
      "cpu": [
        "x64"
      ],
      "libc": [
        "glibc"
      ],
      "license": "SEE LICENSE IN LICENSE.md",
      "optional": true,
      "os": [
        "linux"
      ]
    },
    "node_modules/@anthropic-ai/claude-code-linux-x64-musl": {
      "version": "2.1.261",
      "resolved": "https://registry.npmjs.org/@anthropic-ai/claude-code-linux-x64-musl/-/claude-code-linux-x64-musl-2.1.261.tgz",
      "integrity": "sha512-Yu4r3XwGWy+Z4lvLMMU6UaUwIuyM1lrfxmUmA4xCaiw1/LkUPLp3UX56ZKcobmPsFq/xwu5ULHfFqRifZTOY2w==",
      "cpu": [
        "x64"
      ],
      "libc": [
        "musl"
      ],
      "license": "SEE LICENSE IN LICENSE.md",
      "optional": true,
      "os": [
        "linux"
      ]
    },
    "node_modules/@anthropic-ai/claude-code-win32-arm64": {
      "version": "2.1.261",
      "resolved": "https://registry.npmjs.org/@anthropic-ai/claude-code-win32-arm64/-/claude-code-win32-arm64-2.1.261.tgz",
      "integrity": "sha512-0JgclPx5WsIimpRonJQlnMvOAzg3EvbstbSYrWaqTGnbuW7eiCk1v9+zAVjnhIJ3uAs9JBavmP55QNdRVYlwng==",
      "cpu": [
        "arm64"
      ],
      "license": "SEE LICENSE IN LICENSE.md",
      "optional": true,
      "os": [
        "win32"
      ]
    },
    "node_modules/@anthropic-ai/claude-code-win32-x64": {
      "version": "2.1.261",
      "resolved": "https://registry.npmjs.org/@anthropic-ai/claude-code-win32-x64/-/claude-code-win32-x64-2.1.261.tgz",
      "integrity": "sha512-QtUUxcOz3gsMiO2d99QGCRaqcjtpYBudioUXMNH9ImeGqqbLArbjJKvder7uAVzhr8lRvk+DUIOwaqjV8kUNXA==",
      "cpu": [
        "x64"
      ],
      "license": "SEE LICENSE IN LICENSE.md",
      "optional": true,
      "os": [
        "win32"
      ]
    },
    "node_modules/@openai/codex": {
      "version": "0.150.1",
      "resolved": "https://registry.npmjs.org/@openai/codex/-/codex-0.150.1.tgz",
      "integrity": "sha512-knrbhpJH3mEULAVStcZW4F5WEt9MQhBj6KFOonBSIUGTLcHlu9CE7FRmr95E33y94+sWNZSeVBBV/kYvlfgxkQ==",
      "license": "Apache-2.0",
      "bin": {
        "codex": "bin/codex.js"
      },
      "engines": {
        "node": ">=16"
      },
      "optionalDependencies": {
        "@openai/codex-darwin-arm64": "npm:@openai/codex@0.150.1-darwin-arm64",
        "@openai/codex-darwin-x64": "npm:@openai/codex@0.150.1-darwin-x64",
        "@openai/codex-linux-arm64": "npm:@openai/codex@0.150.1-linux-arm64",
        "@openai/codex-linux-x64": "npm:@openai/codex@0.150.1-linux-x64",
        "@openai/codex-win32-arm64": "npm:@openai/codex@0.150.1-win32-arm64",
        "@openai/codex-win32-x64": "npm:@openai/codex@0.150.1-win32-x64"
      }
    },
    "node_modules/@openai/codex-darwin-arm64": {
      "name": "@openai/codex",
      "version": "0.150.1-darwin-arm64",
      "resolved": "https://registry.npmjs.org/@openai/codex/-/codex-0.150.1-darwin-arm64.tgz",
      "integrity": "sha512-Z614kKSI3/p+YMotBJMxCc4kvRCYEgsVmnaCG6U8HDraqTFxYcQYQ79B4/GBCBS88/KtacHI6qzjA+4Mu5BynA==",
      "cpu": [
        "arm64"
      ],
      "license": "Apache-2.0",
      "optional": true,
      "os": [
        "darwin"
      ],
      "engines": {
        "node": ">=16"
      }
    },
    "node_modules/@openai/codex-darwin-x64": {
      "name": "@openai/codex",
      "version": "0.150.1-darwin-x64",
      "resolved": "https://registry.npmjs.org/@openai/codex/-/codex-0.150.1-darwin-x64.tgz",
      "integrity": "sha512-vcvJ7Q4IP2vA5ZR3v9Pj9VLKtlhD7efujxHqqW/NJ8F2/XqTD4iPjErV07190Om3wONW48yploTgul16QUk9Mg==",
      "cpu": [
        "x64"
      ],
      "license": "Apache-2.0",
      "optional": true,
      "os": [
        "darwin"
      ],
      "engines": {
        "node": ">=16"
      }
    },
    "node_modules/@openai/codex-linux-arm64": {
      "name": "@openai/codex",
      "version": "0.150.1-linux-arm64",
      "resolved": "https://registry.npmjs.org/@openai/codex/-/codex-0.150.1-linux-arm64.tgz",
      "integrity": "sha512-U0BY5UDsCy1up/O2YzGtVtDbcumNerVyZVVx55PW9gGQsFOL0utOyBJiG/UiocFAXix8JNvNJxYMRt2Jx0FJKg==",
      "cpu": [
        "arm64"
      ],
      "license": "Apache-2.0",
      "optional": true,
      "os": [
        "linux"
      ],
      "engines": {
        "node": ">=16"
      }
    },
    "node_modules/@openai/codex-linux-x64": {
      "name": "@openai/codex",
      "version": "0.150.1-linux-x64",
      "resolved": "https://registry.npmjs.org/@openai/codex/-/codex-0.150.1-linux-x64.tgz",
      "integrity": "sha512-B3Bu5MF/G9qFhbSMrdyZz9ocknXOo45DnOdWrREJaxWTjiuUO1ogoDR0/ttdc29JRFkbbXs3aC+Td8vIx3X0oA==",
      "cpu": [
        "x64"
      ],
      "license": "Apache-2.0",
      "optional": true,
      "os": [
        "linux"
      ],
      "engines": {
        "node": ">=16"
      }
    },
    "node_modules/@openai/codex-win32-arm64": {
      "name": "@openai/codex",
      "version": "0.150.1-win32-arm64",
      "resolved": "https://registry.npmjs.org/@openai/codex/-/codex-0.150.1-win32-arm64.tgz",
      "integrity": "sha512-8I7N3ppKS1ql9GUr2RHS5Gw+KkRCKfIMIDDK/brxq6HizLgHoDK4CIR0OTvEgdX3Yh/2reBbxr9P4L1e+61e+Q==",
      "cpu": [
        "arm64"
      ],
      "license": "Apache-2.0",
      "optional": true,
      "os": [
        "win32"
      ],
      "engines": {
        "node": ">=16"
      }
    },
    "node_modules/@openai/codex-win32-x64": {
      "name": "@openai/codex",
      "version": "0.150.1-win32-x64",
      "resolved": "https://registry.npmjs.org/@openai/codex/-/codex-0.150.1-win32-x64.tgz",
      "integrity": "sha512-1P1tscFnw4A4ip/WN1R5WYPdfuAlxLctPpcE1QAPQnOtbkJR5NX8da4kNTQmiDN/Flx3TLJPDTRHP9Jn435eJg==",
      "cpu": [
        "x64"
      ],
      "license": "Apache-2.0",
      "optional": true,
      "os": [
        "win32"
      ],
      "engines": {
        "node": ">=16"
      }
    }
  }
}
