{
  "name": "agent-runtime-kit-docker-cli-pins",
  "version": "0.0.0",
  "lockfileVersion": 3,
  "requires": true,
  "packages": {
    "": {
      "name": "agent-runtime-kit-docker-cli-pins",
      "version": "0.0.0",
      "dependencies": {
        "@anthropic-ai/claude-code": "2.1.267",
        "@openai/codex": "0.153.0"
      }
    },
    "node_modules/@anthropic-ai/claude-code": {
      "version": "2.1.267",
      "resolved": "https://registry.npmjs.org/@anthropic-ai/claude-code/-/claude-code-2.1.267.tgz",
      "integrity": "sha512-0rErYxMp/5uJKt2Z8zJVRmuGEijTiDOb659YnELpGsxyrOp0BKhoOrT8tyNrK5yn8VLYXxc3X3KXfT9woL0R4g==",
      "hasInstallScript": true,
      "license": "SEE LICENSE IN README.md",
      "bin": {
        "claude": "bin/claude.exe"
      },
      "engines": {
        "node": ">=22.0.0"
      },
      "optionalDependencies": {
        "@anthropic-ai/claude-code-darwin-arm64": "2.1.267",
        "@anthropic-ai/claude-code-darwin-x64": "2.1.267",
        "@anthropic-ai/claude-code-linux-arm64": "2.1.267",
        "@anthropic-ai/claude-code-linux-arm64-musl": "2.1.267",
        "@anthropic-ai/claude-code-linux-x64": "2.1.267",
        "@anthropic-ai/claude-code-linux-x64-musl": "2.1.267",
        "@anthropic-ai/claude-code-win32-arm64": "2.1.267",
        "@anthropic-ai/claude-code-win32-x64": "2.1.267"
      }
    },
    "node_modules/@anthropic-ai/claude-code-darwin-arm64": {
      "version": "2.1.267",
      "resolved": "https://registry.npmjs.org/@anthropic-ai/claude-code-darwin-arm64/-/claude-code-darwin-arm64-2.1.267.tgz",
      "integrity": "sha512-bTFYZ15uCsOprEtUWV1q/lx7mKPENEpZtj2zfapyV/TOHFRIzi2WfdRrZaz3HSDIYADnWNrWt2UaweNwP0xY5g==",
      "cpu": [
        "arm64"
      ],
      "license": "SEE LICENSE IN LICENSE.md",
      "optional": true,
      "os": [
        "darwin"
      ]
    },
    "node_modules/@anthropic-ai/claude-code-darwin-x64": {
      "version": "2.1.267",
      "resolved": "https://registry.npmjs.org/@anthropic-ai/claude-code-darwin-x64/-/claude-code-darwin-x64-2.1.267.tgz",
      "integrity": "sha512-o19i4xQvZjUGBHgI0xkGNcmGUsWbgkx5NhLuUCSqhwnaft5ocHjL6L2eI/PLKRxE4BaO1Kg8Y2paGPppuNFH1w==",
      "cpu": [
        "x64"
      ],
      "license": "SEE LICENSE IN LICENSE.md",
      "optional": true,
      "os": [
        "darwin"
      ]
    },
    "node_modules/@anthropic-ai/claude-code-linux-arm64": {
      "version": "2.1.267",
      "resolved": "https://registry.npmjs.org/@anthropic-ai/claude-code-linux-arm64/-/claude-code-linux-arm64-2.1.267.tgz",
      "integrity": "sha512-RCPXMMEkEad4JjXPcbGoL8GbJv6ysofI40P+B5pLrZaqtjbDyenFvghMI3YHQimE13fqijtsqgmULG8/mOVdfg==",
      "cpu": [
        "arm64"
      ],
      "libc": [
        "glibc"
      ],
      "license": "SEE LICENSE IN LICENSE.md",
      "optional": true,
      "os": [
        "linux"
      ]
    },
    "node_modules/@anthropic-ai/claude-code-linux-arm64-musl": {
      "version": "2.1.267",
      "resolved": "https://registry.npmjs.org/@anthropic-ai/claude-code-linux-arm64-musl/-/claude-code-linux-arm64-musl-2.1.267.tgz",
      "integrity": "sha512-lSXMv82JHOtTdvoVYlslUWOoddbzd969IEnzIfJPmED7YaO1IFSVRTXuwy601CM9xLFKIrPuqcV4TQCEbpGpog==",
      "cpu": [
        "arm64"
      ],
      "libc": [
        "musl"
      ],
      "license": "SEE LICENSE IN LICENSE.md",
      "optional": true,
      "os": [
        "linux"
      ]
    },
    "node_modules/@anthropic-ai/claude-code-linux-x64": {
      "version": "2.1.267",
      "resolved": "https://registry.npmjs.org/@anthropic-ai/claude-code-linux-x64/-/claude-code-linux-x64-2.1.267.tgz",
      "integrity": "sha512-/tbh7mVwKlsGV4NHSMp+Bxulu2Ly+DSnD7JcsSQex8UO2G7pq8sYXIXXNLR1l2U04Oia/qzH8UkUonRXkwWJeg==",
      "cpu": [
        "x64"
      ],
      "libc": [
        "glibc"
      ],
      "license": "SEE LICENSE IN LICENSE.md",
      "optional": true,
      "os": [
        "linux"
      ]
    },
    "node_modules/@anthropic-ai/claude-code-linux-x64-musl": {
      "version": "2.1.267",
      "resolved": "https://registry.npmjs.org/@anthropic-ai/claude-code-linux-x64-musl/-/claude-code-linux-x64-musl-2.1.267.tgz",
      "integrity": "sha512-y17rujUc3GgyoyXfp39CbYU0md+th0aft7Z1HgkFAkID20uBQGBLHCESg2Q8iCVfohQJAeMLjGzHW+MRsQ7L7g==",
      "cpu": [
        "x64"
      ],
      "libc": [
        "musl"
      ],
      "license": "SEE LICENSE IN LICENSE.md",
      "optional": true,
      "os": [
        "linux"
      ]
    },
    "node_modules/@anthropic-ai/claude-code-win32-arm64": {
      "version": "2.1.267",
      "resolved": "https://registry.npmjs.org/@anthropic-ai/claude-code-win32-arm64/-/claude-code-win32-arm64-2.1.267.tgz",
      "integrity": "sha512-6PHVaLTKKvVo8xaIEvhOhfOuzTK6NGy9VoqMu0ihpS+apiBjKzwW3r6tvTFZ6g/8C/NvmL6XzkcOikQ/me+DSg==",
      "cpu": [
        "arm64"
      ],
      "license": "SEE LICENSE IN LICENSE.md",
      "optional": true,
      "os": [
        "win32"
      ]
    },
    "node_modules/@anthropic-ai/claude-code-win32-x64": {
      "version": "2.1.267",
      "resolved": "https://registry.npmjs.org/@anthropic-ai/claude-code-win32-x64/-/claude-code-win32-x64-2.1.267.tgz",
      "integrity": "sha512-NQPJdlwcfPLVapMQE/C3SzgNX29qRuQPKy7hVwgrDCOr4Wfd3IlYVibk+VCeLbInUNSQJ4GpE9niSp9YeSRf6w==",
      "cpu": [
        "x64"
      ],
      "license": "SEE LICENSE IN LICENSE.md",
      "optional": true,
      "os": [
        "win32"
      ]
    },
    "node_modules/@openai/codex": {
      "version": "0.153.0",
      "resolved": "https://registry.npmjs.org/@openai/codex/-/codex-0.153.0.tgz",
      "integrity": "sha512-k55kUZaclNi5ceUStSVuyW834ruA6AEdzTK7Xi3M1mOyXokUmq1sJLXm1RJ3XD2S7bRPeF1EXNsYB5Qxwus0mw==",
      "license": "Apache-2.0",
      "bin": {
        "codex": "bin/codex.js"
      },
      "engines": {
        "node": ">=16"
      },
      "optionalDependencies": {
        "@openai/codex-darwin-arm64": "npm:@openai/codex@0.153.0-darwin-arm64",
        "@openai/codex-darwin-x64": "npm:@openai/codex@0.153.0-darwin-x64",
        "@openai/codex-linux-arm64": "npm:@openai/codex@0.153.0-linux-arm64",
        "@openai/codex-linux-x64": "npm:@openai/codex@0.153.0-linux-x64",
        "@openai/codex-win32-arm64": "npm:@openai/codex@0.153.0-win32-arm64",
        "@openai/codex-win32-x64": "npm:@openai/codex@0.153.0-win32-x64"
      }
    },
    "node_modules/@openai/codex-darwin-arm64": {
      "name": "@openai/codex",
      "version": "0.153.0-darwin-arm64",
      "resolved": "https://registry.npmjs.org/@openai/codex/-/codex-0.153.0-darwin-arm64.tgz",
      "integrity": "sha512-C9F3HVEYekVJC3WhiGSztcxItWBwd7Y6hTWoDqa9Z9aLWsYywzqChABB59n7G5F5jCil9wxW3+u2L6uiVUydmw==",
      "cpu": [
        "arm64"
      ],
      "license": "Apache-2.0",
      "optional": true,
      "os": [
        "darwin"
      ],
      "engines": {
        "node": ">=16"
      }
    },
    "node_modules/@openai/codex-darwin-x64": {
      "name": "@openai/codex",
      "version": "0.153.0-darwin-x64",
      "resolved": "https://registry.npmjs.org/@openai/codex/-/codex-0.153.0-darwin-x64.tgz",
      "integrity": "sha512-DO5u+X/eL8pObrV0WDErOjS9DeuDvVuOL5oHR5y5Yklp0NGoGj3oOHsmaSXjGesiIiu3IX8l4pzS6dbeQXJAvQ==",
      "cpu": [
        "x64"
      ],
      "license": "Apache-2.0",
      "optional": true,
      "os": [
        "darwin"
      ],
      "engines": {
        "node": ">=16"
      }
    },
    "node_modules/@openai/codex-linux-arm64": {
      "name": "@openai/codex",
      "version": "0.153.0-linux-arm64",
      "resolved": "https://registry.npmjs.org/@openai/codex/-/codex-0.153.0-linux-arm64.tgz",
      "integrity": "sha512-N2zLgmuslhMoC2RFC2aDkcCWk3iapZmBlSiESpjXFF+UMNxIpNxWJ5qQtQrCp5Md7kYbF4/EFy8RqJ8tL8UTeA==",
      "cpu": [
        "arm64"
      ],
      "license": "Apache-2.0",
      "optional": true,
      "os": [
        "linux"
      ],
      "engines": {
        "node": ">=16"
      }
    },
    "node_modules/@openai/codex-linux-x64": {
      "name": "@openai/codex",
      "version": "0.153.0-linux-x64",
      "resolved": "https://registry.npmjs.org/@openai/codex/-/codex-0.153.0-linux-x64.tgz",
      "integrity": "sha512-sFF+g7p1o6sZVL6PHd9JTYrP2j3xao3Qeu5AngcrD5brWrCc+w9ifBJCJuRSM728WfgjXML9PQPdHPaZSeHAEA==",
      "cpu": [
        "x64"
      ],
      "license": "Apache-2.0",
      "optional": true,
      "os": [
        "linux"
      ],
      "engines": {
        "node": ">=16"
      }
    },
    "node_modules/@openai/codex-win32-arm64": {
      "name": "@openai/codex",
      "version": "0.153.0-win32-arm64",
      "resolved": "https://registry.npmjs.org/@openai/codex/-/codex-0.153.0-win32-arm64.tgz",
      "integrity": "sha512-Ro+/2oAQnOObxuw3hpr+anv+j9hFmql/2iDxd7v0m46ctZy8x6ygW/Ud4f9CB1UXlRRsDhW+Tu9UAd5X9vTL1g==",
      "cpu": [
        "arm64"
      ],
      "license": "Apache-2.0",
      "optional": true,
      "os": [
        "win32"
      ],
      "engines": {
        "node": ">=16"
      }
    },
    "node_modules/@openai/codex-win32-x64": {
      "name": "@openai/codex",
      "version": "0.153.0-win32-x64",
      "resolved": "https://registry.npmjs.org/@openai/codex/-/codex-0.153.0-win32-x64.tgz",
      "integrity": "sha512-eXvmitT1Hmr6d8n9r5HVjTuSgdHtxFSyXh0c3rRnaTcJA0ef8JnI5LY0TJci/QHYLNJGaEMBZ5R4dEdB2d87Lw==",
      "cpu": [
        "x64"
      ],
      "license": "Apache-2.0",
      "optional": true,
      "os": [
        "win32"
      ],
      "engines": {
        "node": ">=16"
      }
    }
  }
}
